
Microsoft Visual Studio Solution File, Format Version 12.00
# Visual Studio Version 17
VisualStudioVersion = 17.3.32929.385
MinimumVisualStudioVersion = 10.0.40219.1
Project("{FAE04EC0-301F-11D3-BF4B-00C04F79EFBC}") = "QuanLyNSu", "QuanLyNSu\QuanLyNSu.csproj", "{17078055-D8F8-405D-B156-6EB73EF243D3}"
EndProject
Global
	GlobalSection(SolutionConfigurationPlatforms) = preSolution
		Debug|Any CPU = Debug|Any CPU
		Release|Any CPU = Release|Any CPU
	EndGlobalSection
	GlobalSection(ProjectConfigurationPlatforms) = postSolution
		{17078055-D8F8-405D-B156-6EB73EF243D3}.Debug|Any CPU.ActiveCfg = Debug|Any CPU
		{17078055-D8F8-405D-B156-6EB73EF243D3}.Debug|Any CPU.Build.0 = Debug|Any CPU
		{17078055-D8F8-405D-B156-6EB73EF243D3}.Release|Any CPU.ActiveCfg = Release|Any CPU
		{17078055-D8F8-405D-B156-6EB73EF243D3}.Release|Any CPU.Build.0 = Release|Any CPU
	EndGlobalSection
	GlobalSection(SolutionProperties) = preSolution
		HideSolutionNode = FALSE
	EndGlobalSection
	GlobalSection(ExtensibilityGlobals) = postSolution
		SolutionGuid = {9CDAA530-EDF7-4610-9A9D-EE1CF3AD8FBC}
	EndGlobalSection
EndGlobal
